// !$*UTF8*$!
{
	archiveVersion = 1;
	classes = {
	};
	objectVersion = 50;
	objects = {

/* Begin PBXBuildFile section */
		1757A7163567623799DF48E7 /* Pods_Opth.framework in Frameworks */ = {isa = PBXBuildFile; fileRef = FB6AF61D6A3022057A87904E /* Pods_Opth.framework */; };
		559C2A5B83A0BAD892A8260B /* Pods_OpthUITests.framework in Frameworks */ = {isa = PBXBuildFile; fileRef = 0F60C3A5A88D732E8CCED1CC /* Pods_OpthUITests.framework */; };
		B15403C68CD78D97600397AD /* Pods_OpthTests.framework in Frameworks */ = {isa = PBXBuildFile; fileRef = 9A1F2382DE8BFC72ECB51754 /* Pods_OpthTests.framework */; };
		FD056E6C22387DF8003CBB68 /* Category.swift in Sources */ = {isa = PBXBuildFile; fileRef = FD056E6B22387DF8003CBB68 /* Category.swift */; };
		FD056E6E22387E1D003CBB68 /* Topic.swift in Sources */ = {isa = PBXBuildFile; fileRef = FD056E6D22387E1D003CBB68 /* Topic.swift */; };
		FD056E702238811E003CBB68 /* Subtopic.swift in Sources */ = {isa = PBXBuildFile; fileRef = FD056E6F2238811E003CBB68 /* Subtopic.swift */; };
		FD056E722238818C003CBB68 /* Card.swift in Sources */ = {isa = PBXBuildFile; fileRef = FD056E712238818C003CBB68 /* Card.swift */; };
		FD27ADF7221B8D2F001E41CB /* CardRevealViewController.swift in Sources */ = {isa = PBXBuildFile; fileRef = FD27ADF6221B8D2F001E41CB /* CardRevealViewController.swift */; };
		FD2B771E221E27E800A41328 /* Parse.swift in Sources */ = {isa = PBXBuildFile; fileRef = FD2B771D221E27E800A41328 /* Parse.swift */; };
		FDC3744E221AB878005EAE38 /* FlipPresentAnimationController.swift in Sources */ = {isa = PBXBuildFile; fileRef = FDC3744D221AB878005EAE38 /* FlipPresentAnimationController.swift */; };
		FDC37450221B81B0005EAE38 /* AnimationHelper.swift in Sources */ = {isa = PBXBuildFile; fileRef = FDC3744F221B81B0005EAE38 /* AnimationHelper.swift */; };
		FDD1932E221B921D000A2F63 /* Status.swift in Sources */ = {isa = PBXBuildFile; fileRef = FDD1932D221B921D000A2F63 /* Status.swift */; };
		FDF2A57422163BBE00B1E1D0 /* AppDelegate.swift in Sources */ = {isa = PBXBuildFile; fileRef = FDF2A57322163BBE00B1E1D0 /* AppDelegate.swift */; };
		FDF2A57622163BBE00B1E1D0 /* ViewController.swift in Sources */ = {isa = PBXBuildFile; fileRef = FDF2A57522163BBE00B1E1D0 /* ViewController.swift */; };
		FDF2A57922163BBE00B1E1D0 /* Main.storyboard in Resources */ = {isa = PBXBuildFile; fileRef = FDF2A57722163BBE00B1E1D0 /* Main.storyboard */; };
		FDF2A57B22163BBE00B1E1D0 /* Assets.xcassets in Resources */ = {isa = PBXBuildFile; fileRef = FDF2A57A22163BBE00B1E1D0 /* Assets.xcassets */; };
		FDF2A57E22163BBE00B1E1D0 /* LaunchScreen.storyboard in Resources */ = {isa = PBXBuildFile; fileRef = FDF2A57C22163BBE00B1E1D0 /* LaunchScreen.storyboard */; };
		FDF2A58922163BBF00B1E1D0 /* OpthTests.swift in Sources */ = {isa = PBXBuildFile; fileRef = FDF2A58822163BBF00B1E1D0 /* OpthTests.swift */; };
		FDF2A59422163BBF00B1E1D0 /* OpthUITests.swift in Sources */ = {isa = PBXBuildFile; fileRef = FDF2A59322163BBF00B1E1D0 /* OpthUITests.swift */; };
/* End PBXBuildFile section */

/* Begin PBXContainerItemProxy section */
		FDF2A58522163BBF00B1E1D0 /* PBXContainerItemProxy */ = {
			isa = PBXContainerItemProxy;
			containerPortal = FDF2A56822163BBE00B1E1D0 /* Project object */;
			proxyType = 1;
			remoteGlobalIDString = FDF2A56F22163BBE00B1E1D0;
			remoteInfo = Opth;
		};
		FDF2A59022163BBF00B1E1D0 /* PBXContainerItemProxy */ = {
			isa = PBXContainerItemProxy;
			containerPortal = FDF2A56822163BBE00B1E1D0 /* Project object */;
			proxyType = 1;
			remoteGlobalIDString = FDF2A56F22163BBE00B1E1D0;
			remoteInfo = Opth;
		};
/* End PBXContainerItemProxy section */

/* Begin PBXFileReference section */
		04E1F4FB0135C9CABB446776 /* Pods-Opth.release.xcconfig */ = {isa = PBXFileReference; includeInIndex = 1; lastKnownFileType = text.xcconfig; name = "Pods-Opth.release.xcconfig"; path = "Target Support Files/Pods-Opth/Pods-Opth.release.xcconfig"; sourceTree = "<group>"; };
		0F60C3A5A88D732E8CCED1CC /* Pods_OpthUITests.framework */ = {isa = PBXFileReference; explicitFileType = wrapper.framework; includeInIndex = 0; path = Pods_OpthUITests.framework; sourceTree = BUILT_PRODUCTS_DIR; };
		5C5D1A9C0390EB23CF35392C /* Pods-OpthTests.debug.xcconfig */ = {isa = PBXFileReference; includeInIndex = 1; lastKnownFileType = text.xcconfig; name = "Pods-OpthTests.debug.xcconfig"; path = "Target Support Files/Pods-OpthTests/Pods-OpthTests.debug.xcconfig"; sourceTree = "<group>"; };
		73694D2F8A40800434A566FB /* Pods-OpthUITests.release.xcconfig */ = {isa = PBXFileReference; includeInIndex = 1; lastKnownFileType = text.xcconfig; name = "Pods-OpthUITests.release.xcconfig"; path = "Target Support Files/Pods-OpthUITests/Pods-OpthUITests.release.xcconfig"; sourceTree = "<group>"; };
		7842305F1F15E03D21C79C52 /* Pods-Opth.debug.xcconfig */ = {isa = PBXFileReference; includeInIndex = 1; lastKnownFileType = text.xcconfig; name = "Pods-Opth.debug.xcconfig"; path = "Target Support Files/Pods-Opth/Pods-Opth.debug.xcconfig"; sourceTree = "<group>"; };
		9A1F2382DE8BFC72ECB51754 /* Pods_OpthTests.framework */ = {isa = PBXFileReference; explicitFileType = wrapper.framework; includeInIndex = 0; path = Pods_OpthTests.framework; sourceTree = BUILT_PRODUCTS_DIR; };
		D4294AB1A1663C9CE4584AF2 /* Pods-OpthTests.release.xcconfig */ = {isa = PBXFileReference; includeInIndex = 1; lastKnownFileType = text.xcconfig; name = "Pods-OpthTests.release.xcconfig"; path = "Target Support Files/Pods-OpthTests/Pods-OpthTests.release.xcconfig"; sourceTree = "<group>"; };
		FA1DF0D4173FD1C0487E7CCB /* Pods-OpthUITests.debug.xcconfig */ = {isa = PBXFileReference; includeInIndex = 1; lastKnownFileType = text.xcconfig; name = "Pods-OpthUITests.debug.xcconfig"; path = "Target Support Files/Pods-OpthUITests/Pods-OpthUITests.debug.xcconfig"; sourceTree = "<group>"; };
		FB6AF61D6A3022057A87904E /* Pods_Opth.framework */ = {isa = PBXFileReference; explicitFileType = wrapper.framework; includeInIndex = 0; path = Pods_Opth.framework; sourceTree = BUILT_PRODUCTS_DIR; };
		FD056E6B22387DF8003CBB68 /* Category.swift */ = {isa = PBXFileReference; lastKnownFileType = sourcecode.swift; path = Category.swift; sourceTree = "<group>"; };
		FD056E6D22387E1D003CBB68 /* Topic.swift */ = {isa = PBXFileReference; lastKnownFileType = sourcecode.swift; path = Topic.swift; sourceTree = "<group>"; };
		FD056E6F2238811E003CBB68 /* Subtopic.swift */ = {isa = PBXFileReference; lastKnownFileType = sourcecode.swift; path = Subtopic.swift; sourceTree = "<group>"; };
		FD056E712238818C003CBB68 /* Card.swift */ = {isa = PBXFileReference; lastKnownFileType = sourcecode.swift; path = Card.swift; sourceTree = "<group>"; };
		FD27ADF6221B8D2F001E41CB /* CardRevealViewController.swift */ = {isa = PBXFileReference; lastKnownFileType = sourcecode.swift; path = CardRevealViewController.swift; sourceTree = "<group>"; };
		FD2B771D221E27E800A41328 /* Parse.swift */ = {isa = PBXFileReference; lastKnownFileType = sourcecode.swift; path = Parse.swift; sourceTree = "<group>"; };
		FDC3744D221AB878005EAE38 /* FlipPresentAnimationController.swift */ = {isa = PBXFileReference; lastKnownFileType = sourcecode.swift; path = FlipPresentAnimationController.swift; sourceTree = "<group>"; };
		FDC3744F221B81B0005EAE38 /* AnimationHelper.swift */ = {isa = PBXFileReference; lastKnownFileType = sourcecode.swift; path = AnimationHelper.swift; sourceTree = "<group>"; };
		FDD1932D221B921D000A2F63 /* Status.swift */ = {isa = PBXFileReference; lastKnownFileType = sourcecode.swift; path = Status.swift; sourceTree = "<group>"; };
		FDF2A57022163BBE00B1E1D0 /* Opth.app */ = {isa = PBXFileReference; explicitFileType = wrapper.application; includeInIndex = 0; path = Opth.app; sourceTree = BUILT_PRODUCTS_DIR; };
		FDF2A57322163BBE00B1E1D0 /* AppDelegate.swift */ = {isa = PBXFileReference; lastKnownFileType = sourcecode.swift; path = AppDelegate.swift; sourceTree = "<group>"; };
		FDF2A57522163BBE00B1E1D0 /* ViewController.swift */ = {isa = PBXFileReference; lastKnownFileType = sourcecode.swift; path = ViewController.swift; sourceTree = "<group>"; };
		FDF2A57822163BBE00B1E1D0 /* Base */ = {isa = PBXFileReference; lastKnownFileType = file.storyboard; name = Base; path = Base.lproj/Main.storyboard; sourceTree = "<group>"; };
		FDF2A57A22163BBE00B1E1D0 /* Assets.xcassets */ = {isa = PBXFileReference; lastKnownFileType = folder.assetcatalog; path = Assets.xcassets; sourceTree = "<group>"; };
		FDF2A57D22163BBE00B1E1D0 /* Base */ = {isa = PBXFileReference; lastKnownFileType = file.storyboard; name = Base; path = Base.lproj/LaunchScreen.storyboard; sourceTree = "<group>"; };
		FDF2A57F22163BBE00B1E1D0 /* Info.plist */ = {isa = PBXFileReference; lastKnownFileType = text.plist.xml; path = Info.plist; sourceTree = "<group>"; };
		FDF2A58422163BBF00B1E1D0 /* OpthTests.xctest */ = {isa = PBXFileReference; explicitFileType = wrapper.cfbundle; includeInIndex = 0; path = OpthTests.xctest; sourceTree = BUILT_PRODUCTS_DIR; };
		FDF2A58822163BBF00B1E1D0 /* OpthTests.swift */ = {isa = PBXFileReference; lastKnownFileType = sourcecode.swift; path = OpthTests.swift; sourceTree = "<group>"; };
		FDF2A58A22163BBF00B1E1D0 /* Info.plist */ = {isa = PBXFileReference; lastKnownFileType = text.plist.xml; path = Info.plist; sourceTree = "<group>"; };
		FDF2A58F22163BBF00B1E1D0 /* OpthUITests.xctest */ = {isa = PBXFileReference; explicitFileType = wrapper.cfbundle; includeInIndex = 0; path = OpthUITests.xctest; sourceTree = BUILT_PRODUCTS_DIR; };
		FDF2A59322163BBF00B1E1D0 /* OpthUITests.swift */ = {isa = PBXFileReference; lastKnownFileType = sourcecode.swift; path = OpthUITests.swift; sourceTree = "<group>"; };
		FDF2A59522163BBF00B1E1D0 /* Info.plist */ = {isa = PBXFileReference; lastKnownFileType = text.plist.xml; path = Info.plist; sourceTree = "<group>"; };
/* End PBXFileReference section */

/* Begin PBXFrameworksBuildPhase section */
		FDF2A56D22163BBE00B1E1D0 /* Frameworks */ = {
			isa = PBXFrameworksBuildPhase;
			buildActionMask = 2147483647;
			files = (
				1757A7163567623799DF48E7 /* Pods_Opth.framework in Frameworks */,
			);
			runOnlyForDeploymentPostprocessing = 0;
		};
		FDF2A58122163BBF00B1E1D0 /* Frameworks */ = {
			isa = PBXFrameworksBuildPhase;
			buildActionMask = 2147483647;
			files = (
				B15403C68CD78D97600397AD /* Pods_OpthTests.framework in Frameworks */,
			);
			runOnlyForDeploymentPostprocessing = 0;
		};
		FDF2A58C22163BBF00B1E1D0 /* Frameworks */ = {
			isa = PBXFrameworksBuildPhase;
			buildActionMask = 2147483647;
			files = (
				559C2A5B83A0BAD892A8260B /* Pods_OpthUITests.framework in Frameworks */,
			);
			runOnlyForDeploymentPostprocessing = 0;
		};
/* End PBXFrameworksBuildPhase section */

/* Begin PBXGroup section */
		498A9E83F7548277721586BC /* Frameworks */ = {
			isa = PBXGroup;
			children = (
				FB6AF61D6A3022057A87904E /* Pods_Opth.framework */,
				9A1F2382DE8BFC72ECB51754 /* Pods_OpthTests.framework */,
				0F60C3A5A88D732E8CCED1CC /* Pods_OpthUITests.framework */,
			);
			name = Frameworks;
			sourceTree = "<group>";
		};
		9E9F92760F0A236D78A130C1 /* Pods */ = {
			isa = PBXGroup;
			children = (
				7842305F1F15E03D21C79C52 /* Pods-Opth.debug.xcconfig */,
				04E1F4FB0135C9CABB446776 /* Pods-Opth.release.xcconfig */,
				5C5D1A9C0390EB23CF35392C /* Pods-OpthTests.debug.xcconfig */,
				D4294AB1A1663C9CE4584AF2 /* Pods-OpthTests.release.xcconfig */,
				FA1DF0D4173FD1C0487E7CCB /* Pods-OpthUITests.debug.xcconfig */,
				73694D2F8A40800434A566FB /* Pods-OpthUITests.release.xcconfig */,
			);
			name = Pods;
			path = Pods;
			sourceTree = "<group>";
		};
		FDD1932F221BBB80000A2F63 /* View Controllers */ = {
			isa = PBXGroup;
			children = (
				FD27ADF6221B8D2F001E41CB /* CardRevealViewController.swift */,
				FDF2A57522163BBE00B1E1D0 /* ViewController.swift */,
			);
			path = "View Controllers";
			sourceTree = "<group>";
		};
		FDD19330221BBB9A000A2F63 /* UI */ = {
			isa = PBXGroup;
			children = (
				FDF2A57C22163BBE00B1E1D0 /* LaunchScreen.storyboard */,
				FDF2A57722163BBE00B1E1D0 /* Main.storyboard */,
			);
			path = UI;
			sourceTree = "<group>";
		};
		FDD19331221BBBB3000A2F63 /* Animation */ = {
			isa = PBXGroup;
			children = (
				FDC3744D221AB878005EAE38 /* FlipPresentAnimationController.swift */,
				FDC3744F221B81B0005EAE38 /* AnimationHelper.swift */,
			);
			path = Animation;
			sourceTree = "<group>";
		};
		FDD19332221BBBC7000A2F63 /* Card */ = {
			isa = PBXGroup;
			children = (
				FDD1932D221B921D000A2F63 /* Status.swift */,
				FD2B771D221E27E800A41328 /* Parse.swift */,
				FD056E6B22387DF8003CBB68 /* Category.swift */,
				FD056E6D22387E1D003CBB68 /* Topic.swift */,
				FD056E6F2238811E003CBB68 /* Subtopic.swift */,
				FD056E712238818C003CBB68 /* Card.swift */,
			);
			path = Card;
			sourceTree = "<group>";
		};
		FDF2A56722163BBE00B1E1D0 = {
			isa = PBXGroup;
			children = (
				FDF2A57222163BBE00B1E1D0 /* Opth */,
				FDF2A58722163BBF00B1E1D0 /* OpthTests */,
				FDF2A59222163BBF00B1E1D0 /* OpthUITests */,
				FDF2A57122163BBE00B1E1D0 /* Products */,
				9E9F92760F0A236D78A130C1 /* Pods */,
				498A9E83F7548277721586BC /* Frameworks */,
			);
			sourceTree = "<group>";
		};
		FDF2A57122163BBE00B1E1D0 /* Products */ = {
			isa = PBXGroup;
			children = (
				FDF2A57022163BBE00B1E1D0 /* Opth.app */,
				FDF2A58422163BBF00B1E1D0 /* OpthTests.xctest */,
				FDF2A58F22163BBF00B1E1D0 /* OpthUITests.xctest */,
			);
			name = Products;
			sourceTree = "<group>";
		};
		FDF2A57222163BBE00B1E1D0 /* Opth */ = {
			isa = PBXGroup;
			children = (
				FDF2A57322163BBE00B1E1D0 /* AppDelegate.swift */,
				FDD1932F221BBB80000A2F63 /* View Controllers */,
				FDD19330221BBB9A000A2F63 /* UI */,
				FDF2A57A22163BBE00B1E1D0 /* Assets.xcassets */,
				FDD19331221BBBB3000A2F63 /* Animation */,
				FDF2A57F22163BBE00B1E1D0 /* Info.plist */,
				FDF2A5A322163F0C00B1E1D0 /* Information */,
				FDD19332221BBBC7000A2F63 /* Card */,
			);
			path = Opth;
			sourceTree = "<group>";
		};
		FDF2A58722163BBF00B1E1D0 /* OpthTests */ = {
			isa = PBXGroup;
			children = (
				FDF2A58822163BBF00B1E1D0 /* OpthTests.swift */,
				FDF2A58A22163BBF00B1E1D0 /* Info.plist */,
			);
			path = OpthTests;
			sourceTree = "<group>";
		};
		FDF2A59222163BBF00B1E1D0 /* OpthUITests */ = {
			isa = PBXGroup;
			children = (
				FDF2A59322163BBF00B1E1D0 /* OpthUITests.swift */,
				FDF2A59522163BBF00B1E1D0 /* Info.plist */,
			);
			path = OpthUITests;
			sourceTree = "<group>";
		};
		FDF2A5A322163F0C00B1E1D0 /* Information */ = {
			isa = PBXGroup;
			children = (
			);
			path = Information;
			sourceTree = "<group>";
		};
/* End PBXGroup section */

/* Begin PBXNativeTarget section */
		FDF2A56F22163BBE00B1E1D0 /* Opth */ = {
			isa = PBXNativeTarget;
			buildConfigurationList = FDF2A59822163BBF00B1E1D0 /* Build configuration list for PBXNativeTarget "Opth" */;
			buildPhases = (
				0B0D7B6EB122F85BF033065A /* [CP] Check Pods Manifest.lock */,
				FDF2A56C22163BBE00B1E1D0 /* Sources */,
				FDF2A56D22163BBE00B1E1D0 /* Frameworks */,
				FDF2A56E22163BBE00B1E1D0 /* Resources */,
				066278ECF47F6D304E1140E5 /* [CP] Embed Pods Frameworks */,
			);
			buildRules = (
			);
			dependencies = (
			);
			name = Opth;
			productName = Opth;
			productReference = FDF2A57022163BBE00B1E1D0 /* Opth.app */;
			productType = "com.apple.product-type.application";
		};
		FDF2A58322163BBF00B1E1D0 /* OpthTests */ = {
			isa = PBXNativeTarget;
			buildConfigurationList = FDF2A59B22163BBF00B1E1D0 /* Build configuration list for PBXNativeTarget "OpthTests" */;
			buildPhases = (
				DB86B9588DEF00D648CD5843 /* [CP] Check Pods Manifest.lock */,
				FDF2A58022163BBF00B1E1D0 /* Sources */,
				FDF2A58122163BBF00B1E1D0 /* Frameworks */,
				FDF2A58222163BBF00B1E1D0 /* Resources */,
			);
			buildRules = (
			);
			dependencies = (
				FDF2A58622163BBF00B1E1D0 /* PBXTargetDependency */,
			);
			name = OpthTests;
			productName = OpthTests;
			productReference = FDF2A58422163BBF00B1E1D0 /* OpthTests.xctest */;
			productType = "com.apple.product-type.bundle.unit-test";
		};
		FDF2A58E22163BBF00B1E1D0 /* OpthUITests */ = {
			isa = PBXNativeTarget;
			buildConfigurationList = FDF2A59E22163BBF00B1E1D0 /* Build configuration list for PBXNativeTarget "OpthUITests" */;
			buildPhases = (
				637E4E2787A2A6D4DEB4DDFE /* [CP] Check Pods Manifest.lock */,
				FDF2A58B22163BBF00B1E1D0 /* Sources */,
				FDF2A58C22163BBF00B1E1D0 /* Frameworks */,
				FDF2A58D22163BBF00B1E1D0 /* Resources */,
			);
			buildRules = (
			);
			dependencies = (
				FDF2A59122163BBF00B1E1D0 /* PBXTargetDependency */,
			);
			name = OpthUITests;
			productName = OpthUITests;
			productReference = FDF2A58F22163BBF00B1E1D0 /* OpthUITests.xctest */;
			productType = "com.apple.product-type.bundle.ui-testing";
		};
/* End PBXNativeTarget section */

/* Begin PBXProject section */
		FDF2A56822163BBE00B1E1D0 /* Project object */ = {
			isa = PBXProject;
			attributes = {
				LastSwiftUpdateCheck = 1010;
				LastUpgradeCheck = 1010;
				ORGANIZATIONNAME = "Angie Ta";
				TargetAttributes = {
					FDF2A56F22163BBE00B1E1D0 = {
						CreatedOnToolsVersion = 10.1;
					};
					FDF2A58322163BBF00B1E1D0 = {
						CreatedOnToolsVersion = 10.1;
						TestTargetID = FDF2A56F22163BBE00B1E1D0;
					};
					FDF2A58E22163BBF00B1E1D0 = {
						CreatedOnToolsVersion = 10.1;
						TestTargetID = FDF2A56F22163BBE00B1E1D0;
					};
				};
			};
			buildConfigurationList = FDF2A56B22163BBE00B1E1D0 /* Build configuration list for PBXProject "Opth" */;
			compatibilityVersion = "Xcode 9.3";
			developmentRegion = en;
			hasScannedForEncodings = 0;
			knownRegions = (
				en,
				Base,
			);
			mainGroup = FDF2A56722163BBE00B1E1D0;
			productRefGroup = FDF2A57122163BBE00B1E1D0 /* Products */;
			projectDirPath = "";
			projectRoot = "";
			targets = (
				FDF2A56F22163BBE00B1E1D0 /* Opth */,
				FDF2A58322163BBF00B1E1D0 /* OpthTests */,
				FDF2A58E22163BBF00B1E1D0 /* OpthUITests */,
			);
		};
/* End PBXProject section */

/* Begin PBXResourcesBuildPhase section */
		FDF2A56E22163BBE00B1E1D0 /* Resources */ = {
			isa = PBXResourcesBuildPhase;
			buildActionMask = 2147483647;
			files = (
				FDF2A57E22163BBE00B1E1D0 /* LaunchScreen.storyboard in Resources */,
				FDF2A57B22163BBE00B1E1D0 /* Assets.xcassets in Resources */,
				FDF2A57922163BBE00B1E1D0 /* Main.storyboard in Resources */,
			);
			runOnlyForDeploymentPostprocessing = 0;
		};
		FDF2A58222163BBF00B1E1D0 /* Resources */ = {
			isa = PBXResourcesBuildPhase;
			buildActionMask = 2147483647;
			files = (
			);
			runOnlyForDeploymentPostprocessing = 0;
		};
		FDF2A58D22163BBF00B1E1D0 /* Resources */ = {
			isa = PBXResourcesBuildPhase;
			buildActionMask = 2147483647;
			files = (
			);
			runOnlyForDeploymentPostprocessing = 0;
		};
/* End PBXResourcesBuildPhase section */

/* Begin PBXShellScriptBuildPhase section */
		066278ECF47F6D304E1140E5 /* [CP] Embed Pods Frameworks */ = {
			isa = PBXShellScriptBuildPhase;
			buildActionMask = 2147483647;
			files = (
			);
			inputFileListPaths = (
			);
			inputPaths = (
				"${PODS_ROOT}/Target Support Files/Pods-Opth/Pods-Opth-frameworks.sh",
				"${BUILT_PRODUCTS_DIR}/SMLib/SMLib.framework",
			);
			name = "[CP] Embed Pods Frameworks";
			outputFileListPaths = (
			);
			outputPaths = (
				"${TARGET_BUILD_DIR}/${FRAMEWORKS_FOLDER_PATH}/SMLib.framework",
			);
			runOnlyForDeploymentPostprocessing = 0;
			shellPath = /bin/sh;
			shellScript = "\"${PODS_ROOT}/Target Support Files/Pods-Opth/Pods-Opth-frameworks.sh\"\n";
			showEnvVarsInLog = 0;
		};
		0B0D7B6EB122F85BF033065A /* [CP] Check Pods Manifest.lock */ = {
			isa = PBXShellScriptBuildPhase;
			buildActionMask = 2147483647;
			files = (
			);
			inputFileListPaths = (
			);
			inputPaths = (
				"${PODS_PODFILE_DIR_PATH}/Podfile.lock",
				"${PODS_ROOT}/Manifest.lock",
			);
			name = "[CP] Check Pods Manifest.lock";
			outputFileListPaths = (
			);
			outputPaths = (
				"$(DERIVED_FILE_DIR)/Pods-Opth-checkManifestLockResult.txt",
			);
			runOnlyForDeploymentPostprocessing = 0;
			shellPath = /bin/sh;
			shellScript = "diff \"${PODS_PODFILE_DIR_PATH}/Podfile.lock\" \"${PODS_ROOT}/Manifest.lock\" > /dev/null\nif [ $? != 0 ] ; then\n    # print error to STDERR\n    echo \"error: The sandbox is not in sync with the Podfile.lock. Run 'pod install' or update your CocoaPods installation.\" >&2\n    exit 1\nfi\n# This output is used by Xcode 'outputs' to avoid re-running this script phase.\necho \"SUCCESS\" > \"${SCRIPT_OUTPUT_FILE_0}\"\n";
			showEnvVarsInLog = 0;
		};
		637E4E2787A2A6D4DEB4DDFE /* [CP] Check Pods Manifest.lock */ = {
			isa = PBXShellScriptBuildPhase;
			buildActionMask = 2147483647;
			files = (
			);
			inputFileListPaths = (
			);
			inputPaths = (
				"${PODS_PODFILE_DIR_PATH}/Podfile.lock",
				"${PODS_ROOT}/Manifest.lock",
			);
			name = "[CP] Check Pods Manifest.lock";
			outputFileListPaths = (
			);
			outputPaths = (
				"$(DERIVED_FILE_DIR)/Pods-OpthUITests-checkManifestLockResult.txt",
			);
			runOnlyForDeploymentPostprocessing = 0;
			shellPath = /bin/sh;
			shellScript = "diff \"${PODS_PODFILE_DIR_PATH}/Podfile.lock\" \"${PODS_ROOT}/Manifest.lock\" > /dev/null\nif [ $? != 0 ] ; then\n    # print error to STDERR\n    echo \"error: The sandbox is not in sync with the Podfile.lock. Run 'pod install' or update your CocoaPods installation.\" >&2\n    exit 1\nfi\n# This output is used by Xcode 'outputs' to avoid re-running this script phase.\necho \"SUCCESS\" > \"${SCRIPT_OUTPUT_FILE_0}\"\n";
			showEnvVarsInLog = 0;
		};
		DB86B9588DEF00D648CD5843 /* [CP] Check Pods Manifest.lock */ = {
			isa = PBXShellScriptBuildPhase;
			buildActionMask = 2147483647;
			files = (
			);
			inputFileListPaths = (
			);
			inputPaths = (
				"${PODS_PODFILE_DIR_PATH}/Podfile.lock",
				"${PODS_ROOT}/Manifest.lock",
			);
			name = "[CP] Check Pods Manifest.lock";
			outputFileListPaths = (
			);
			outputPaths = (
				"$(DERIVED_FILE_DIR)/Pods-OpthTests-checkManifestLockResult.txt",
			);
			runOnlyForDeploymentPostprocessing = 0;
			shellPath = /bin/sh;
			shellScript = "diff \"${PODS_PODFILE_DIR_PATH}/Podfile.lock\" \"${PODS_ROOT}/Manifest.lock\" > /dev/null\nif [ $? != 0 ] ; then\n    # print error to STDERR\n    echo \"error: The sandbox is not in sync with the Podfile.lock. Run 'pod install' or update your CocoaPods installation.\" >&2\n    exit 1\nfi\n# This output is used by Xcode 'outputs' to avoid re-running this script phase.\necho \"SUCCESS\" > \"${SCRIPT_OUTPUT_FILE_0}\"\n";
			showEnvVarsInLog = 0;
		};
/* End PBXShellScriptBuildPhase section */

/* Begin PBXSourcesBuildPhase section */
		FDF2A56C22163BBE00B1E1D0 /* Sources */ = {
			isa = PBXSourcesBuildPhase;
			buildActionMask = 2147483647;
			files = (
				FD056E702238811E003CBB68 /* Subtopic.swift in Sources */,
				FDF2A57622163BBE00B1E1D0 /* ViewController.swift in Sources */,
				FD056E6E22387E1D003CBB68 /* Topic.swift in Sources */,
				FDC37450221B81B0005EAE38 /* AnimationHelper.swift in Sources */,
				FDF2A57422163BBE00B1E1D0 /* AppDelegate.swift in Sources */,
				FDC3744E221AB878005EAE38 /* FlipPresentAnimationController.swift in Sources */,
				FDD1932E221B921D000A2F63 /* Status.swift in Sources */,
				FD2B771E221E27E800A41328 /* Parse.swift in Sources */,
				FD27ADF7221B8D2F001E41CB /* CardRevealViewController.swift in Sources */,
				FD056E6C22387DF8003CBB68 /* Category.swift in Sources */,
				FD056E722238818C003CBB68 /* Card.swift in Sources */,
			);
			runOnlyForDeploymentPostprocessing = 0;
		};
		FDF2A58022163BBF00B1E1D0 /* Sources */ = {
			isa = PBXSourcesBuildPhase;
			buildActionMask = 2147483647;
			files = (
				FDF2A58922163BBF00B1E1D0 /* OpthTests.swift in Sources */,
			);
			runOnlyForDeploymentPostprocessing = 0;
		};
		FDF2A58B22163BBF00B1E1D0 /* Sources */ = {
			isa = PBXSourcesBuildPhase;
			buildActionMask = 2147483647;
			files = (
				FDF2A59422163BBF00B1E1D0 /* OpthUITests.swift in Sources */,
			);
			runOnlyForDeploymentPostprocessing = 0;
		};
/* End PBXSourcesBuildPhase section */

/* Begin PBXTargetDependency section */
		FDF2A58622163BBF00B1E1D0 /* PBXTargetDependency */ = {
			isa = PBXTargetDependency;
			target = FDF2A56F22163BBE00B1E1D0 /* Opth */;
			targetProxy = FDF2A58522163BBF00B1E1D0 /* PBXContainerItemProxy */;
		};
		FDF2A59122163BBF00B1E1D0 /* PBXTargetDependency */ = {
			isa = PBXTargetDependency;
			target = FDF2A56F22163BBE00B1E1D0 /* Opth */;
			targetProxy = FDF2A59022163BBF00B1E1D0 /* PBXContainerItemProxy */;
		};
/* End PBXTargetDependency section */

/* Begin PBXVariantGroup section */
		FDF2A57722163BBE00B1E1D0 /* Main.storyboard */ = {
			isa = PBXVariantGroup;
			children = (
				FDF2A57822163BBE00B1E1D0 /* Base */,
			);
			name = Main.storyboard;
			sourceTree = "<group>";
		};
		FDF2A57C22163BBE00B1E1D0 /* LaunchScreen.storyboard */ = {
			isa = PBXVariantGroup;
			children = (
				FDF2A57D22163BBE00B1E1D0 /* Base */,
			);
			name = LaunchScreen.storyboard;
			sourceTree = "<group>";
		};
/* End PBXVariantGroup section */

/* Begin XCBuildConfiguration section */
		FDF2A59622163BBF00B1E1D0 /* Debug */ = {
			isa = XCBuildConfiguration;
			buildSettings = {
				ALWAYS_SEARCH_USER_PATHS = NO;
				CLANG_ANALYZER_NONNULL = YES;
				CLANG_ANALYZER_NUMBER_OBJECT_CONVERSION = YES_AGGRESSIVE;
				CLANG_CXX_LANGUAGE_STANDARD = "gnu++14";
				CLANG_CXX_LIBRARY = "libc++";
				CLANG_ENABLE_MODULES = YES;
				CLANG_ENABLE_OBJC_ARC = YES;
				CLANG_ENABLE_OBJC_WEAK = YES;
				CLANG_WARN_BLOCK_CAPTURE_AUTORELEASING = YES;
				CLANG_WARN_BOOL_CONVERSION = YES;
				CLANG_WARN_COMMA = YES;
				CLANG_WARN_CONSTANT_CONVERSION = YES;
				CLANG_WARN_DEPRECATED_OBJC_IMPLEMENTATIONS = YES;
				CLANG_WARN_DIRECT_OBJC_ISA_USAGE = YES_ERROR;
				CLANG_WARN_DOCUMENTATION_COMMENTS = YES;
				CLANG_WARN_EMPTY_BODY = YES;
				CLANG_WARN_ENUM_CONVERSION = YES;
				CLANG_WARN_INFINITE_RECURSION = YES;
				CLANG_WARN_INT_CONVERSION = YES;
				CLANG_WARN_NON_LITERAL_NULL_CONVERSION = YES;
				CLANG_WARN_OBJC_IMPLICIT_RETAIN_SELF = YES;
				CLANG_WARN_OBJC_LITERAL_CONVERSION = YES;
				CLANG_WARN_OBJC_ROOT_CLASS = YES_ERROR;
				CLANG_WARN_RANGE_LOOP_ANALYSIS = YES;
				CLANG_WARN_STRICT_PROTOTYPES = YES;
				CLANG_WARN_SUSPICIOUS_MOVE = YES;
				CLANG_WARN_UNGUARDED_AVAILABILITY = YES_AGGRESSIVE;
				CLANG_WARN_UNREACHABLE_CODE = YES;
				CLANG_WARN__DUPLICATE_METHOD_MATCH = YES;
				CODE_SIGN_IDENTITY = "iPhone Developer";
				COPY_PHASE_STRIP = NO;
				DEBUG_INFORMATION_FORMAT = dwarf;
				ENABLE_STRICT_OBJC_MSGSEND = YES;
				ENABLE_TESTABILITY = YES;
				GCC_C_LANGUAGE_STANDARD = gnu11;
				GCC_DYNAMIC_NO_PIC = NO;
				GCC_NO_COMMON_BLOCKS = YES;
				GCC_OPTIMIZATION_LEVEL = 0;
				GCC_PREPROCESSOR_DEFINITIONS = (
					"DEBUG=1",
					"$(inherited)",
				);
				GCC_WARN_64_TO_32_BIT_CONVERSION = YES;
				GCC_WARN_ABOUT_RETURN_TYPE = YES_ERROR;
				GCC_WARN_UNDECLARED_SELECTOR = YES;
				GCC_WARN_UNINITIALIZED_AUTOS = YES_AGGRESSIVE;
				GCC_WARN_UNUSED_FUNCTION = YES;
				GCC_WARN_UNUSED_VARIABLE = YES;
				IPHONEOS_DEPLOYMENT_TARGET = 12.1;
				MTL_ENABLE_DEBUG_INFO = INCLUDE_SOURCE;
				MTL_FAST_MATH = YES;
				ONLY_ACTIVE_ARCH = YES;
				SDKROOT = iphoneos;
				SWIFT_ACTIVE_COMPILATION_CONDITIONS = DEBUG;
				SWIFT_OPTIMIZATION_LEVEL = "-Onone";
			};
			name = Debug;
		};
		FDF2A59722163BBF00B1E1D0 /* Release */ = {
			isa = XCBuildConfiguration;
			buildSettings = {
				ALWAYS_SEARCH_USER_PATHS = NO;
				CLANG_ANALYZER_NONNULL = YES;
				CLANG_ANALYZER_NUMBER_OBJECT_CONVERSION = YES_AGGRESSIVE;
				CLANG_CXX_LANGUAGE_STANDARD = "gnu++14";
				CLANG_CXX_LIBRARY = "libc++";
				CLANG_ENABLE_MODULES = YES;
				CLANG_ENABLE_OBJC_ARC = YES;
				CLANG_ENABLE_OBJC_WEAK = YES;
				CLANG_WARN_BLOCK_CAPTURE_AUTORELEASING = YES;
				CLANG_WARN_BOOL_CONVERSION = YES;
				CLANG_WARN_COMMA = YES;
				CLANG_WARN_CONSTANT_CONVERSION = YES;
				CLANG_WARN_DEPRECATED_OBJC_IMPLEMENTATIONS = YES;
				CLANG_WARN_DIRECT_OBJC_ISA_USAGE = YES_ERROR;
				CLANG_WARN_DOCUMENTATION_COMMENTS = YES;
				CLANG_WARN_EMPTY_BODY = YES;
				CLANG_WARN_ENUM_CONVERSION = YES;
				CLANG_WARN_INFINITE_RECURSION = YES;
				CLANG_WARN_INT_CONVERSION = YES;
				CLANG_WARN_NON_LITERAL_NULL_CONVERSION = YES;
				CLANG_WARN_OBJC_IMPLICIT_RETAIN_SELF = YES;
				CLANG_WARN_OBJC_LITERAL_CONVERSION = YES;
				CLANG_WARN_OBJC_ROOT_CLASS = YES_ERROR;
				CLANG_WARN_RANGE_LOOP_ANALYSIS = YES;
				CLANG_WARN_STRICT_PROTOTYPES = YES;
				CLANG_WARN_SUSPICIOUS_MOVE = YES;
				CLANG_WARN_UNGUARDED_AVAILABILITY = YES_AGGRESSIVE;
				CLANG_WARN_UNREACHABLE_CODE = YES;
				CLANG_WARN__DUPLICATE_METHOD_MATCH = YES;
				CODE_SIGN_IDENTITY = "iPhone Developer";
				COPY_PHASE_STRIP = NO;
				DEBUG_INFORMATION_FORMAT = "dwarf-with-dsym";
				ENABLE_NS_ASSERTIONS = NO;
				ENABLE_STRICT_OBJC_MSGSEND = YES;
				GCC_C_LANGUAGE_STANDARD = gnu11;
				GCC_NO_COMMON_BLOCKS = YES;
				GCC_WARN_64_TO_32_BIT_CONVERSION = YES;
				GCC_WARN_ABOUT_RETURN_TYPE = YES_ERROR;
				GCC_WARN_UNDECLARED_SELECTOR = YES;
				GCC_WARN_UNINITIALIZED_AUTOS = YES_AGGRESSIVE;
				GCC_WARN_UNUSED_FUNCTION = YES;
				GCC_WARN_UNUSED_VARIABLE = YES;
				IPHONEOS_DEPLOYMENT_TARGET = 12.1;
				MTL_ENABLE_DEBUG_INFO = NO;
				MTL_FAST_MATH = YES;
				SDKROOT = iphoneos;
				SWIFT_COMPILATION_MODE = wholemodule;
				SWIFT_OPTIMIZATION_LEVEL = "-O";
				VALIDATE_PRODUCT = YES;
			};
			name = Release;
		};
		FDF2A59922163BBF00B1E1D0 /* Debug */ = {
			isa = XCBuildConfiguration;
			baseConfigurationReference = 7842305F1F15E03D21C79C52 /* Pods-Opth.debug.xcconfig */;
			buildSettings = {
				ASSETCATALOG_COMPILER_APPICON_NAME = AppIcon;
				CODE_SIGN_STYLE = Automatic;
				DEVELOPMENT_TEAM = UNFBKU938B;
				INFOPLIST_FILE = Opth/Info.plist;
				LD_RUNPATH_SEARCH_PATHS = (
					"$(inherited)",
					"@executable_path/Frameworks",
				);
				PRODUCT_BUNDLE_IDENTIFIER = com.angieta.Opth;
				PRODUCT_NAME = "$(TARGET_NAME)";
				SWIFT_VERSION = 4.2;
				TARGETED_DEVICE_FAMILY = "1,2";
			};
			name = Debug;
		};
		FDF2A59A22163BBF00B1E1D0 /* Release */ = {
			isa = XCBuildConfiguration;
			baseConfigurationReference = 04E1F4FB0135C9CABB446776 /* Pods-Opth.release.xcconfig */;
			buildSettings = {
				ASSETCATALOG_COMPILER_APPICON_NAME = AppIcon;
				CODE_SIGN_STYLE = Automatic;
				DEVELOPMENT_TEAM = UNFBKU938B;
				INFOPLIST_FILE = Opth/Info.plist;
				LD_RUNPATH_SEARCH_PATHS = (
					"$(inherited)",
					"@executable_path/Frameworks",
				);
				PRODUCT_BUNDLE_IDENTIFIER = com.angieta.Opth;
				PRODUCT_NAME = "$(TARGET_NAME)";
				SWIFT_VERSION = 4.2;
				TARGETED_DEVICE_FAMILY = "1,2";
			};
			name = Release;
		};
		FDF2A59C22163BBF00B1E1D0 /* Debug */ = {
			isa = XCBuildConfiguration;
			baseConfigurationReference = 5C5D1A9C0390EB23CF35392C /* Pods-OpthTests.debug.xcconfig */;
			buildSettings = {
				ALWAYS_EMBED_SWIFT_STANDARD_LIBRARIES = YES;
				BUNDLE_LOADER = "$(TEST_HOST)";
				CODE_SIGN_STYLE = Automatic;
				DEVELOPMENT_TEAM = UNFBKU938B;
				INFOPLIST_FILE = OpthTests/Info.plist;
				LD_RUNPATH_SEARCH_PATHS = (
					"$(inherited)",
					"@executable_path/Frameworks",
					"@loader_path/Frameworks",
				);
				PRODUCT_BUNDLE_IDENTIFIER = com.angieta.OpthTests;
				PRODUCT_NAME = "$(TARGET_NAME)";
				SWIFT_VERSION = 4.2;
				TARGETED_DEVICE_FAMILY = "1,2";
				TEST_HOST = "$(BUILT_PRODUCTS_DIR)/Opth.app/Opth";
			};
			name = Debug;
		};
		FDF2A59D22163BBF00B1E1D0 /* Release */ = {
			isa = XCBuildConfiguration;
			baseConfigurationReference = D4294AB1A1663C9CE4584AF2 /* Pods-OpthTests.release.xcconfig */;
			buildSettings = {
				ALWAYS_EMBED_SWIFT_STANDARD_LIBRARIES = YES;
				BUNDLE_LOADER = "$(TEST_HOST)";
				CODE_SIGN_STYLE = Automatic;
				DEVELOPMENT_TEAM = UNFBKU938B;
				INFOPLIST_FILE = OpthTests/Info.plist;
				LD_RUNPATH_SEARCH_PATHS = (
					"$(inherited)",
					"@executable_path/Frameworks",
					"@loader_path/Frameworks",
				);
				PRODUCT_BUNDLE_IDENTIFIER = com.angieta.OpthTests;
				PRODUCT_NAME = "$(TARGET_NAME)";
				SWIFT_VERSION = 4.2;
				TARGETED_DEVICE_FAMILY = "1,2";
				TEST_HOST = "$(BUILT_PRODUCTS_DIR)/Opth.app/Opth";
			};
			name = Release;
		};
		FDF2A59F22163BBF00B1E1D0 /* Debug */ = {
			isa = XCBuildConfiguration;
			baseConfigurationReference = FA1DF0D4173FD1C0487E7CCB /* Pods-OpthUITests.debug.xcconfig */;
			buildSettings = {
				ALWAYS_EMBED_SWIFT_STANDARD_LIBRARIES = YES;
				CODE_SIGN_STYLE = Automatic;
				DEVELOPMENT_TEAM = UNFBKU938B;
				INFOPLIST_FILE = OpthUITests/Info.plist;
				LD_RUNPATH_SEARCH_PATHS = (
					"$(inherited)",
					"@executable_path/Frameworks",
					"@loader_path/Frameworks",
				);
				PRODUCT_BUNDLE_IDENTIFIER = com.angieta.OpthUITests;
				PRODUCT_NAME = "$(TARGET_NAME)";
				SWIFT_VERSION = 4.2;
				TARGETED_DEVICE_FAMILY = "1,2";
				TEST_TARGET_NAME = Opth;
			};
			name = Debug;
		};
		FDF2A5A022163BBF00B1E1D0 /* Release */ = {
			isa = XCBuildConfiguration;
			baseConfigurationReference = 73694D2F8A40800434A566FB /* Pods-OpthUITests.release.xcconfig */;
			buildSettings = {
				ALWAYS_EMBED_SWIFT_STANDARD_LIBRARIES = YES;
				CODE_SIGN_STYLE = Automatic;
				DEVELOPMENT_TEAM = UNFBKU938B;
				INFOPLIST_FILE = OpthUITests/Info.plist;
				LD_RUNPATH_SEARCH_PATHS = (
					"$(inherited)",
					"@executable_path/Frameworks",
					"@loader_path/Frameworks",
				);
				PRODUCT_BUNDLE_IDENTIFIER = com.angieta.OpthUITests;
				PRODUCT_NAME = "$(TARGET_NAME)";
				SWIFT_VERSION = 4.2;
				TARGETED_DEVICE_FAMILY = "1,2";
				TEST_TARGET_NAME = Opth;
			};
			name = Release;
		};
/* End XCBuildConfiguration section */

/* Begin XCConfigurationList section */
		FDF2A56B22163BBE00B1E1D0 /* Build configuration list for PBXProject "Opth" */ = {
			isa = XCConfigurationList;
			buildConfigurations = (
				FDF2A59622163BBF00B1E1D0 /* Debug */,
				FDF2A59722163BBF00B1E1D0 /* Release */,
			);
			defaultConfigurationIsVisible = 0;
			defaultConfigurationName = Release;
		};
		FDF2A59822163BBF00B1E1D0 /* Build configuration list for PBXNativeTarget "Opth" */ = {
			isa = XCConfigurationList;
			buildConfigurations = (
				FDF2A59922163BBF00B1E1D0 /* Debug */,
				FDF2A59A22163BBF00B1E1D0 /* Release */,
			);
			defaultConfigurationIsVisible = 0;
			defaultConfigurationName = Release;
		};
		FDF2A59B22163BBF00B1E1D0 /* Build configuration list for PBXNativeTarget "OpthTests" */ = {
			isa = XCConfigurationList;
			buildConfigurations = (
				FDF2A59C22163BBF00B1E1D0 /* Debug */,
				FDF2A59D22163BBF00B1E1D0 /* Release */,
			);
			defaultConfigurationIsVisible = 0;
			defaultConfigurationName = Release;
		};
		FDF2A59E22163BBF00B1E1D0 /* Build configuration list for PBXNativeTarget "OpthUITests" */ = {
			isa = XCConfigurationList;
			buildConfigurations = (
				FDF2A59F22163BBF00B1E1D0 /* Debug */,
				FDF2A5A022163BBF00B1E1D0 /* Release */,
			);
			defaultConfigurationIsVisible = 0;
			defaultConfigurationName = Release;
		};
/* End XCConfigurationList section */
	};
	rootObject = FDF2A56822163BBE00B1E1D0 /* Project object */;
}
